
Microsoft Visual Studio Solution File, Format Version 12.00
# Visual Studio Version 17
VisualStudioVersion = 17.11.35222.181
MinimumVisualStudioVersion = 10.0.40219.1
Project("{FAE04EC0-301F-11D3-BF4B-00C04F79EFBC}") = "ClassLibrary2", "ClassLibrary2\ClassLibrary2.csproj", "{BC629035-204D-41BF-A222-7FECAC2D5960}"
EndProject
Global
	GlobalSection(SolutionConfigurationPlatforms) = preSolution
		Debug|Any CPU = Debug|Any CPU
		Release|Any CPU = Release|Any CPU
	EndGlobalSection
	GlobalSection(ProjectConfigurationPlatforms) = postSolution
		{BC629035-204D-41BF-A222-7FECAC2D5960}.Debug|Any CPU.ActiveCfg = Debug|Any CPU
		{BC629035-204D-41BF-A222-7FECAC2D5960}.Debug|Any CPU.Build.0 = Debug|Any CPU
		{BC629035-204D-41BF-A222-7FECAC2D5960}.Release|Any CPU.ActiveCfg = Release|Any CPU
		{BC629035-204D-41BF-A222-7FECAC2D5960}.Release|Any CPU.Build.0 = Release|Any CPU
	EndGlobalSection
	GlobalSection(SolutionProperties) = preSolution
		HideSolutionNode = FALSE
	EndGlobalSection
	GlobalSection(ExtensibilityGlobals) = postSolution
		SolutionGuid = {A0144528-884F-49D5-9F56-C95FDE0E9EDD}
	EndGlobalSection
EndGlobal
